{
    "_readme": [
        "This file locks the dependencies of your project to a known state",
        "Read more about it at https://getcomposer.org/doc/01-basic-usage.md#composer-lock-the-lock-file",
        "This file is @generated automatically"
    ],
    "hash": "d61b08f204d995ca16bfcb1b5aa35974",
    "content-hash": "4b9b87374ea3d6f167a716e223f62d5f",
    "packages": [
        {
            "name": "cedriclombardot/twig-generator",
            "version": "v1.1.0",
            "source": {
                "type": "git",
                "url": "https://github.com/cedriclombardot/TwigGenerator.git",
                "reference": "5029a5c6b894b413c79813389ae28ca6bda9ddc1"
            },
            "dist": {
                "type": "zip",
                "url": "https://api.github.com/repos/cedriclombardot/TwigGenerator/zipball/5029a5c6b894b413c79813389ae28ca6bda9ddc1",
                "reference": "5029a5c6b894b413c79813389ae28ca6bda9ddc1",
                "shasum": ""
            },
            "require": {
                "php": ">=5.3.0",
                "twig/twig": ">=1.1, <2.0-dev"
            },
            "type": "library",
            "autoload": {
                "psr-0": {
                    "TwigGenerator": "src/"
                }
            },
            "notification-url": "https://packagist.org/downloads/",
            "license": [
                "MIT"
            ],
            "authors": [
                {
                    "name": "Cedric LOMBARDOT",
                    "email": "cedric.lombardot@gmail.com"
                },
                {
                    "name": "François Zaninotto"
                }
            ],
            "description": "A generator for PHP code based on Twig template engine",
            "keywords": [
                "code generation",
                "generator",
                "twig"
            ],
            "time": "2015-01-07 07:20:08"
        },
        {
            "name": "incenteev/composer-parameter-handler",
            "version": "v2.1.2",
            "source": {
                "type": "git",
                "url": "https://github.com/Incenteev/ParameterHandler.git",
                "reference": "d7ce7f06136109e81d1cb9d57066c4d4a99cf1cc"
            },
            "dist": {
                "type": "zip",
                "url": "https://api.github.com/repos/Incenteev/ParameterHandler/zipball/d7ce7f06136109e81d1cb9d57066c4d4a99cf1cc",
                "reference": "d7ce7f06136109e81d1cb9d57066c4d4a99cf1cc",
                "shasum": ""
            },
            "require": {
                "php": ">=5.3.3",
                "symfony/yaml": "~2.3|~3.0"
            },
            "require-dev": {
                "composer/composer": "1.0.*@dev",
                "phpspec/prophecy-phpunit": "~1.0",
                "symfony/filesystem": "~2.2"
            },
            "type": "library",
            "extra": {
                "branch-alias": {
                    "dev-master": "2.1.x-dev"
                }
            },
            "autoload": {
                "psr-4": {
                    "Incenteev\\ParameterHandler\\": ""
                }
            },
            "notification-url": "https://packagist.org/downloads/",
            "license": [
                "MIT"
            ],
            "authors": [
                {
                    "name": "Christophe Coevoet",
                    "email": "stof@notk.org"
                }
            ],
            "description": "Composer script handling your ignored parameter file",
            "homepage": "https://github.com/Incenteev/ParameterHandler",
            "keywords": [
                "parameters management"
            ],
            "time": "2015-11-10 17:04:01"
        },
        {
            "name": "jasny/twig-extensions",
            "version": "v1.0.1",
            "source": {
                "type": "git",
                "url": "https://github.com/jasny/twig-extensions.git",
                "reference": "17df9aab8bd0afc503d044d0e9c241c74b407a4d"
            },
            "dist": {
                "type": "zip",
                "url": "https://api.github.com/repos/jasny/twig-extensions/zipball/17df9aab8bd0afc503d044d0e9c241c74b407a4d",
                "reference": "17df9aab8bd0afc503d044d0e9c241c74b407a4d",
                "shasum": ""
            },
            "require": {
                "php": ">=5.3.0",
                "twig/twig": "1.*"
            },
            "suggest": {
                "ext-intl": "Required for the use of the LocalDate Twig extension",
                "ext-pcre": "Required for the use of the PCRE Twig extension"
            },
            "type": "library",
            "autoload": {
                "psr-0": {
                    "Jasny\\Twig": "src/"
                }
            },
            "notification-url": "https://packagist.org/downloads/",
            "license": [
                "MIT"
            ],
            "authors": [
                {
                    "name": "Arnold Daniels",
                    "email": "arnold@jasny.net",
                    "homepage": "http://www.jasny.net"
                }
            ],
            "description": "A set of useful Twig filters",
            "homepage": "http://github.com/jasny/twig-extensions#README",
            "keywords": [
                "PCRE",
                "array",
                "date",
                "datetime",
                "preg",
                "regex",
                "templating",
                "text",
                "time"
            ],
            "time": "2015-12-09 03:46:22"
        },
        {
            "name": "kassner/log-parser",
            "version": "1.1.1",
            "source": {
                "type": "git",
                "url": "https://github.com/kassner/log-parser.git",
                "reference": "7302fc1920daf1ec14aedfe03668fad5a1b6007c"
            },
            "dist": {
                "type": "zip",
                "url": "https://api.github.com/repos/kassner/log-parser/zipball/7302fc1920daf1ec14aedfe03668fad5a1b6007c",
                "reference": "7302fc1920daf1ec14aedfe03668fad5a1b6007c",
                "shasum": ""
            },
            "require": {
                "php": ">=5.3.4"
            },
            "require-dev": {
                "phpmd/phpmd": "~2.1",
                "phpunit/phpunit": "~4.4",
                "sebastian/phpcpd": "~2.0",
                "squizlabs/php_codesniffer": "~2.2"
            },
            "type": "library",
            "autoload": {
                "psr-0": {
                    "Kassner": "src"
                }
            },
            "notification-url": "https://packagist.org/downloads/",
            "license": [
                "Apache 2.0"
            ],
            "authors": [
                {
                    "name": "Rafael Kassner",
                    "email": "kassner@gmail.com",
                    "homepage": "http://www.kassner.com.br/",
                    "role": "Developer"
                }
            ],
            "description": "PHP Log Parser Library",
            "homepage": "http://github.com/kassner/log-parser",
            "keywords": [
                "apache",
                "format",
                "log",
                "log-format",
                "nginx",
                "parser"
            ],
            "time": "2015-11-26 12:24:31"
        },
        {
            "name": "symfony/yaml",
            "version": "v3.1.4",
            "source": {
                "type": "git",
                "url": "https://github.com/symfony/yaml.git",
                "reference": "f291ed25eb1435bddbe8a96caaef16469c2a092d"
            },
            "dist": {
                "type": "zip",
                "url": "https://api.github.com/repos/symfony/yaml/zipball/f291ed25eb1435bddbe8a96caaef16469c2a092d",
                "reference": "f291ed25eb1435bddbe8a96caaef16469c2a092d",
                "shasum": ""
            },
            "require": {
                "php": ">=5.5.9"
            },
            "type": "library",
            "extra": {
                "branch-alias": {
                    "dev-master": "3.1-dev"
                }
            },
            "autoload": {
                "psr-4": {
                    "Symfony\\Component\\Yaml\\": ""
                },
                "exclude-from-classmap": [
                    "/Tests/"
                ]
            },
            "notification-url": "https://packagist.org/downloads/",
            "license": [
                "MIT"
            ],
            "authors": [
                {
                    "name": "Fabien Potencier",
                    "email": "fabien@symfony.com"
                },
                {
                    "name": "Symfony Community",
                    "homepage": "https://symfony.com/contributors"
                }
            ],
            "description": "Symfony Yaml Component",
            "homepage": "https://symfony.com",
            "time": "2016-09-02 02:12:52"
        },
        {
            "name": "twig/twig",
            "version": "v1.24.2",
            "source": {
                "type": "git",
                "url": "https://github.com/twigphp/Twig.git",
                "reference": "33093f6e310e6976baeac7b14f3a6ec02f2d79b7"
            },
            "dist": {
                "type": "zip",
                "url": "https://api.github.com/repos/twigphp/Twig/zipball/33093f6e310e6976baeac7b14f3a6ec02f2d79b7",
                "reference": "33093f6e310e6976baeac7b14f3a6ec02f2d79b7",
                "shasum": ""
            },
            "require": {
                "php": ">=5.2.7"
            },
            "require-dev": {
                "symfony/debug": "~2.7",
                "symfony/phpunit-bridge": "~2.7"
            },
            "type": "library",
            "extra": {
                "branch-alias": {
                    "dev-master": "1.24-dev"
                }
            },
            "autoload": {
                "psr-0": {
                    "Twig_": "lib/"
                }
            },
            "notification-url": "https://packagist.org/downloads/",
            "license": [
                "BSD-3-Clause"
            ],
            "authors": [
                {
                    "name": "Fabien Potencier",
                    "email": "fabien@symfony.com",
                    "homepage": "http://fabien.potencier.org",
                    "role": "Lead Developer"
                },
                {
                    "name": "Armin Ronacher",
                    "email": "armin.ronacher@active-4.com",
                    "role": "Project Founder"
                },
                {
                    "name": "Twig Team",
                    "homepage": "http://twig.sensiolabs.org/contributors",
                    "role": "Contributors"
                }
            ],
            "description": "Twig, the flexible, fast, and secure template language for PHP",
            "homepage": "http://twig.sensiolabs.org",
            "keywords": [
                "templating"
            ],
            "time": "2016-09-01 17:50:53"
        }
    ],
    "packages-dev": [],
    "aliases": [],
    "minimum-stability": "stable",
    "stability-flags": [],
    "prefer-stable": false,
    "prefer-lowest": false,
    "platform": [],
    "platform-dev": []
}
